
Microsoft Visual Studio Solution File, Format Version 12.00
# Visual Studio Version 16
VisualStudioVersion = 16.0.30517.126
MinimumVisualStudioVersion = 10.0.40219.1
Project("{FAE04EC0-301F-11D3-BF4B-00C04F79EFBC}") = "MasterBlockTela", "MasterBlockTela\MasterBlockTela.csproj", "{CB725264-1378-465B-BFD2-0280C70A3232}"
EndProject
Global
	GlobalSection(SolutionConfigurationPlatforms) = preSolution
		Debug|Any CPU = Debug|Any CPU
		Release|Any CPU = Release|Any CPU
	EndGlobalSection
	GlobalSection(ProjectConfigurationPlatforms) = postSolution
		{CB725264-1378-465B-BFD2-0280C70A3232}.Debug|Any CPU.ActiveCfg = Debug|Any CPU
		{CB725264-1378-465B-BFD2-0280C70A3232}.Debug|Any CPU.Build.0 = Debug|Any CPU
		{CB725264-1378-465B-BFD2-0280C70A3232}.Release|Any CPU.ActiveCfg = Release|Any CPU
		{CB725264-1378-465B-BFD2-0280C70A3232}.Release|Any CPU.Build.0 = Release|Any CPU
	EndGlobalSection
	GlobalSection(SolutionProperties) = preSolution
		HideSolutionNode = FALSE
	EndGlobalSection
	GlobalSection(ExtensibilityGlobals) = postSolution
		SolutionGuid = {BA7B38E1-0C56-4C6B-AB49-940DC8231364}
	EndGlobalSection
EndGlobal
